
Microsoft Visual Studio Solution File, Format Version 12.00
# Visual Studio 14
VisualStudioVersion = 14.0.25420.1
MinimumVisualStudioVersion = 10.0.40219.1
Project("{FAE04EC0-301F-11D3-BF4B-00C04F79EFBC}") = "Naxam.Mapzen.Droid", "Naxam.Mapzen.Droid\Naxam.Mapzen.Droid.csproj", "{9A3D66FD-C105-4019-A9C7-D2774640416F}"
EndProject
Global
	GlobalSection(SolutionConfigurationPlatforms) = preSolution
		Debug|Any CPU = Debug|Any CPU
		Release|Any CPU = Release|Any CPU
		Debug|iPhoneSimulator = Debug|iPhoneSimulator
		Release|iPhone = Release|iPhone
		Release|iPhoneSimulator = Release|iPhoneSimulator
		Debug|iPhone = Debug|iPhone
	EndGlobalSection
	GlobalSection(ProjectConfigurationPlatforms) = postSolution
		{9A3D66FD-C105-4019-A9C7-D2774640416F}.Debug|Any CPU.ActiveCfg = Debug|Any CPU
		{9A3D66FD-C105-4019-A9C7-D2774640416F}.Debug|Any CPU.Build.0 = Debug|Any CPU
		{9A3D66FD-C105-4019-A9C7-D2774640416F}.Release|Any CPU.ActiveCfg = Release|Any CPU
		{9A3D66FD-C105-4019-A9C7-D2774640416F}.Release|Any CPU.Build.0 = Release|Any CPU
		{9A3D66FD-C105-4019-A9C7-D2774640416F}.Debug|iPhoneSimulator.ActiveCfg = Debug|Any CPU
		{9A3D66FD-C105-4019-A9C7-D2774640416F}.Debug|iPhoneSimulator.Build.0 = Debug|Any CPU
		{9A3D66FD-C105-4019-A9C7-D2774640416F}.Release|iPhone.ActiveCfg = Release|Any CPU
		{9A3D66FD-C105-4019-A9C7-D2774640416F}.Release|iPhone.Build.0 = Release|Any CPU
		{9A3D66FD-C105-4019-A9C7-D2774640416F}.Release|iPhoneSimulator.ActiveCfg = Release|Any CPU
		{9A3D66FD-C105-4019-A9C7-D2774640416F}.Release|iPhoneSimulator.Build.0 = Release|Any CPU
		{9A3D66FD-C105-4019-A9C7-D2774640416F}.Debug|iPhone.ActiveCfg = Debug|Any CPU
		{9A3D66FD-C105-4019-A9C7-D2774640416F}.Debug|iPhone.Build.0 = Debug|Any CPU
	EndGlobalSection
	GlobalSection(SolutionProperties) = preSolution
		HideSolutionNode = FALSE
	EndGlobalSection
	GlobalSection(NestedProjects) = preSolution
	EndGlobalSection
EndGlobal
